// !$*UTF8*$!
{
	archiveVersion = 1;
	classes = {
	};
	objectVersion = 46;
	objects = {

/* Begin PBXBuildFile section */
		4C67DFF71D4D25E0001DCB45 /* MapKit.framework in Frameworks */ = {isa = PBXBuildFile; fileRef = 4C67DFF61D4D25E0001DCB45 /* MapKit.framework */; };
		4C67DFF91D4D2D55001DCB45 /* MapViewController.swift in Sources */ = {isa = PBXBuildFile; fileRef = 4C67DFF81D4D2D55001DCB45 /* MapViewController.swift */; };
		4CF98BF11D46338B00C35659 /* AppDelegate.swift in Sources */ = {isa = PBXBuildFile; fileRef = 4CF98BF01D46338B00C35659 /* AppDelegate.swift */; };
		4CF98BF61D46338B00C35659 /* Main.storyboard in Resources */ = {isa = PBXBuildFile; fileRef = 4CF98BF41D46338B00C35659 /* Main.storyboard */; };
		4CF98BF81D46338B00C35659 /* Assets.xcassets in Resources */ = {isa = PBXBuildFile; fileRef = 4CF98BF71D46338B00C35659 /* Assets.xcassets */; };
		4CF98BFB1D46338B00C35659 /* LaunchScreen.storyboard in Resources */ = {isa = PBXBuildFile; fileRef = 4CF98BF91D46338B00C35659 /* LaunchScreen.storyboard */; };
		4CF98C031D465C0700C35659 /* ConversionViewController.swift in Sources */ = {isa = PBXBuildFile; fileRef = 4CF98C021D465C0700C35659 /* ConversionViewController.swift */; };
/* End PBXBuildFile section */

/* Begin PBXFileReference section */
		4C67DFF61D4D25E0001DCB45 /* MapKit.framework */ = {isa = PBXFileReference; lastKnownFileType = wrapper.framework; name = MapKit.framework; path = System/Library/Frameworks/MapKit.framework; sourceTree = SDKROOT; };
		4C67DFF81D4D2D55001DCB45 /* MapViewController.swift */ = {isa = PBXFileReference; fileEncoding = 4; lastKnownFileType = sourcecode.swift; path = MapViewController.swift; sourceTree = "<group>"; };
		4CF98BED1D46338B00C35659 /* temperature converter.app */ = {isa = PBXFileReference; explicitFileType = wrapper.application; includeInIndex = 0; path = "temperature converter.app"; sourceTree = BUILT_PRODUCTS_DIR; };
		4CF98BF01D46338B00C35659 /* AppDelegate.swift */ = {isa = PBXFileReference; lastKnownFileType = sourcecode.swift; path = AppDelegate.swift; sourceTree = "<group>"; };
		4CF98BF51D46338B00C35659 /* Base */ = {isa = PBXFileReference; lastKnownFileType = file.storyboard; name = Base; path = Base.lproj/Main.storyboard; sourceTree = "<group>"; };
		4CF98BF71D46338B00C35659 /* Assets.xcassets */ = {isa = PBXFileReference; lastKnownFileType = folder.assetcatalog; path = Assets.xcassets; sourceTree = "<group>"; };
		4CF98BFA1D46338B00C35659 /* Base */ = {isa = PBXFileReference; lastKnownFileType = file.storyboard; name = Base; path = Base.lproj/LaunchScreen.storyboard; sourceTree = "<group>"; };
		4CF98BFC1D46338B00C35659 /* Info.plist */ = {isa = PBXFileReference; lastKnownFileType = text.plist.xml; path = Info.plist; sourceTree = "<group>"; };
		4CF98C021D465C0700C35659 /* ConversionViewController.swift */ = {isa = PBXFileReference; fileEncoding = 4; lastKnownFileType = sourcecode.swift; name = ConversionViewController.swift; path = ../ConversionViewController.swift; sourceTree = "<group>"; };
/* End PBXFileReference section */

/* Begin PBXFrameworksBuildPhase section */
		4CF98BEA1D46338B00C35659 /* Frameworks */ = {
			isa = PBXFrameworksBuildPhase;
			buildActionMask = 2147483647;
			files = (
				4C67DFF71D4D25E0001DCB45 /* MapKit.framework in Frameworks */,
			);
			runOnlyForDeploymentPostprocessing = 0;
		};
/* End PBXFrameworksBuildPhase section */

/* Begin PBXGroup section */
		4CF98BE41D46338B00C35659 = {
			isa = PBXGroup;
			children = (
				4C67DFF61D4D25E0001DCB45 /* MapKit.framework */,
				4CF98BEF1D46338B00C35659 /* temperature converter */,
				4CF98BEE1D46338B00C35659 /* Products */,
			);
			sourceTree = "<group>";
		};
		4CF98BEE1D46338B00C35659 /* Products */ = {
			isa = PBXGroup;
			children = (
				4CF98BED1D46338B00C35659 /* temperature converter.app */,
			);
			name = Products;
			sourceTree = "<group>";
		};
		4CF98BEF1D46338B00C35659 /* temperature converter */ = {
			isa = PBXGroup;
			children = (
				4CF98C021D465C0700C35659 /* ConversionViewController.swift */,
				4CF98BF01D46338B00C35659 /* AppDelegate.swift */,
				4CF98BF41D46338B00C35659 /* Main.storyboard */,
				4C67DFF81D4D2D55001DCB45 /* MapViewController.swift */,
				4CF98BF71D46338B00C35659 /* Assets.xcassets */,
				4CF98BF91D46338B00C35659 /* LaunchScreen.storyboard */,
				4CF98BFC1D46338B00C35659 /* Info.plist */,
			);
			path = "temperature converter";
			sourceTree = "<group>";
		};
/* End PBXGroup section */

/* Begin PBXNativeTarget section */
		4CF98BEC1D46338B00C35659 /* temperature converter */ = {
			isa = PBXNativeTarget;
			buildConfigurationList = 4CF98BFF1D46338B00C35659 /* Build configuration list for PBXNativeTarget "temperature converter" */;
			buildPhases = (
				4CF98BE91D46338B00C35659 /* Sources */,
				4CF98BEA1D46338B00C35659 /* Frameworks */,
				4CF98BEB1D46338B00C35659 /* Resources */,
			);
			buildRules = (
			);
			dependencies = (
			);
			name = "temperature converter";
			productName = "temperature converter";
			productReference = 4CF98BED1D46338B00C35659 /* temperature converter.app */;
			productType = "com.apple.product-type.application";
		};
/* End PBXNativeTarget section */

/* Begin PBXProject section */
		4CF98BE51D46338B00C35659 /* Project object */ = {
			isa = PBXProject;
			attributes = {
				LastSwiftUpdateCheck = 0730;
				LastUpgradeCheck = 0730;
				ORGANIZATIONNAME = "Eric Brooke";
				TargetAttributes = {
					4CF98BEC1D46338B00C35659 = {
						CreatedOnToolsVersion = 7.3;
					};
				};
			};
			buildConfigurationList = 4CF98BE81D46338B00C35659 /* Build configuration list for PBXProject "temperature converter" */;
			compatibilityVersion = "Xcode 3.2";
			developmentRegion = English;
			hasScannedForEncodings = 0;
			knownRegions = (
				en,
				Base,
			);
			mainGroup = 4CF98BE41D46338B00C35659;
			productRefGroup = 4CF98BEE1D46338B00C35659 /* Products */;
			projectDirPath = "";
			projectRoot = "";
			targets = (
				4CF98BEC1D46338B00C35659 /* temperature converter */,
			);
		};
/* End PBXProject section */

/* Begin PBXResourcesBuildPhase section */
		4CF98BEB1D46338B00C35659 /* Resources */ = {
			isa = PBXResourcesBuildPhase;
			buildActionMask = 2147483647;
			files = (
				4CF98BFB1D46338B00C35659 /* LaunchScreen.storyboard in Resources */,
				4CF98BF81D46338B00C35659 /* Assets.xcassets in Resources */,
				4CF98BF61D46338B00C35659 /* Main.storyboard in Resources */,
			);
			runOnlyForDeploymentPostprocessing = 0;
		};
/* End PBXResourcesBuildPhase section */

/* Begin PBXSourcesBuildPhase section */
		4CF98BE91D46338B00C35659 /* Sources */ = {
			isa = PBXSourcesBuildPhase;
			buildActionMask = 2147483647;
			files = (
				4CF98C031D465C0700C35659 /* ConversionViewController.swift in Sources */,
				4C67DFF91D4D2D55001DCB45 /* MapViewController.swift in Sources */,
				4CF98BF11D46338B00C35659 /* AppDelegate.swift in Sources */,
			);
			runOnlyForDeploymentPostprocessing = 0;
		};
/* End PBXSourcesBuildPhase section */

/* Begin PBXVariantGroup section */
		4CF98BF41D46338B00C35659 /* Main.storyboard */ = {
			isa = PBXVariantGroup;
			children = (
				4CF98BF51D46338B00C35659 /* Base */,
			);
			name = Main.storyboard;
			sourceTree = "<group>";
		};
		4CF98BF91D46338B00C35659 /* LaunchScreen.storyboard */ = {
			isa = PBXVariantGroup;
			children = (
				4CF98BFA1D46338B00C35659 /* Base */,
			);
			name = LaunchScreen.storyboard;
			sourceTree = "<group>";
		};
/* End PBXVariantGroup section */

/* Begin XCBuildConfiguration section */
		4CF98BFD1D46338B00C35659 /* Debug */ = {
			isa = XCBuildConfiguration;
			buildSettings = {
				ALWAYS_SEARCH_USER_PATHS = NO;
				CLANG_ANALYZER_NONNULL = YES;
				CLANG_CXX_LANGUAGE_STANDARD = "gnu++0x";
				CLANG_CXX_LIBRARY = "libc++";
				CLANG_ENABLE_MODULES = YES;
				CLANG_ENABLE_OBJC_ARC = YES;
				CLANG_WARN_BOOL_CONVERSION = YES;
				CLANG_WARN_CONSTANT_CONVERSION = YES;
				CLANG_WARN_DIRECT_OBJC_ISA_USAGE = YES_ERROR;
				CLANG_WARN_EMPTY_BODY = YES;
				CLANG_WARN_ENUM_CONVERSION = YES;
				CLANG_WARN_INT_CONVERSION = YES;
				CLANG_WARN_OBJC_ROOT_CLASS = YES_ERROR;
				CLANG_WARN_UNREACHABLE_CODE = YES;
				CLANG_WARN__DUPLICATE_METHOD_MATCH = YES;
				"CODE_SIGN_IDENTITY[sdk=iphoneos*]" = "iPhone Developer";
				COPY_PHASE_STRIP = NO;
				DEBUG_INFORMATION_FORMAT = dwarf;
				ENABLE_STRICT_OBJC_MSGSEND = YES;
				ENABLE_TESTABILITY = YES;
				GCC_C_LANGUAGE_STANDARD = gnu99;
				GCC_DYNAMIC_NO_PIC = NO;
				GCC_NO_COMMON_BLOCKS = YES;
				GCC_OPTIMIZATION_LEVEL = 0;
				GCC_PREPROCESSOR_DEFINITIONS = (
					"DEBUG=1",
					"$(inherited)",
				);
				GCC_WARN_64_TO_32_BIT_CONVERSION = YES;
				GCC_WARN_ABOUT_RETURN_TYPE = YES_ERROR;
				GCC_WARN_UNDECLARED_SELECTOR = YES;
				GCC_WARN_UNINITIALIZED_AUTOS = YES_AGGRESSIVE;
				GCC_WARN_UNUSED_FUNCTION = YES;
				GCC_WARN_UNUSED_VARIABLE = YES;
				IPHONEOS_DEPLOYMENT_TARGET = 9.3;
				MTL_ENABLE_DEBUG_INFO = YES;
				ONLY_ACTIVE_ARCH = YES;
				SDKROOT = iphoneos;
				SWIFT_OPTIMIZATION_LEVEL = "-Onone";
			};
			name = Debug;
		};
		4CF98BFE1D46338B00C35659 /* Release */ = {
			isa = XCBuildConfiguration;
			buildSettings = {
				ALWAYS_SEARCH_USER_PATHS = NO;
				CLANG_ANALYZER_NONNULL = YES;
				CLANG_CXX_LANGUAGE_STANDARD = "gnu++0x";
				CLANG_CXX_LIBRARY = "libc++";
				CLANG_ENABLE_MODULES = YES;
				CLANG_ENABLE_OBJC_ARC = YES;
				CLANG_WARN_BOOL_CONVERSION = YES;
				CLANG_WARN_CONSTANT_CONVERSION = YES;
				CLANG_WARN_DIRECT_OBJC_ISA_USAGE = YES_ERROR;
				CLANG_WARN_EMPTY_BODY = YES;
				CLANG_WARN_ENUM_CONVERSION = YES;
				CLANG_WARN_INT_CONVERSION = YES;
				CLANG_WARN_OBJC_ROOT_CLASS = YES_ERROR;
				CLANG_WARN_UNREACHABLE_CODE = YES;
				CLANG_WARN__DUPLICATE_METHOD_MATCH = YES;
				"CODE_SIGN_IDENTITY[sdk=iphoneos*]" = "iPhone Developer";
				COPY_PHASE_STRIP = NO;
				DEBUG_INFORMATION_FORMAT = "dwarf-with-dsym";
				ENABLE_NS_ASSERTIONS = NO;
				ENABLE_STRICT_OBJC_MSGSEND = YES;
				GCC_C_LANGUAGE_STANDARD = gnu99;
				GCC_NO_COMMON_BLOCKS = YES;
				GCC_WARN_64_TO_32_BIT_CONVERSION = YES;
				GCC_WARN_ABOUT_RETURN_TYPE = YES_ERROR;
				GCC_WARN_UNDECLARED_SELECTOR = YES;
				GCC_WARN_UNINITIALIZED_AUTOS = YES_AGGRESSIVE;
				GCC_WARN_UNUSED_FUNCTION = YES;
				GCC_WARN_UNUSED_VARIABLE = YES;
				IPHONEOS_DEPLOYMENT_TARGET = 9.3;
				MTL_ENABLE_DEBUG_INFO = NO;
				SDKROOT = iphoneos;
				VALIDATE_PRODUCT = YES;
			};
			name = Release;
		};
		4CF98C001D46338B00C35659 /* Debug */ = {
			isa = XCBuildConfiguration;
			buildSettings = {
				ASSETCATALOG_COMPILER_APPICON_NAME = AppIcon;
				INFOPLIST_FILE = "temperature converter/Info.plist";
				LD_RUNPATH_SEARCH_PATHS = "$(inherited) @executable_path/Frameworks";
				PRODUCT_BUNDLE_IDENTIFIER = "com.ericbrooke.temperature-converter";
				PRODUCT_NAME = "$(TARGET_NAME)";
			};
			name = Debug;
		};
		4CF98C011D46338B00C35659 /* Release */ = {
			isa = XCBuildConfiguration;
			buildSettings = {
				ASSETCATALOG_COMPILER_APPICON_NAME = AppIcon;
				INFOPLIST_FILE = "temperature converter/Info.plist";
				LD_RUNPATH_SEARCH_PATHS = "$(inherited) @executable_path/Frameworks";
				PRODUCT_BUNDLE_IDENTIFIER = "com.ericbrooke.temperature-converter";
				PRODUCT_NAME = "$(TARGET_NAME)";
			};
			name = Release;
		};
/* End XCBuildConfiguration section */

/* Begin XCConfigurationList section */
		4CF98BE81D46338B00C35659 /* Build configuration list for PBXProject "temperature converter" */ = {
			isa = XCConfigurationList;
			buildConfigurations = (
				4CF98BFD1D46338B00C35659 /* Debug */,
				4CF98BFE1D46338B00C35659 /* Release */,
			);
			defaultConfigurationIsVisible = 0;
			defaultConfigurationName = Release;
		};
		4CF98BFF1D46338B00C35659 /* Build configuration list for PBXNativeTarget "temperature converter" */ = {
			isa = XCConfigurationList;
			buildConfigurations = (
				4CF98C001D46338B00C35659 /* Debug */,
				4CF98C011D46338B00C35659 /* Release */,
			);
			defaultConfigurationIsVisible = 0;
			defaultConfigurationName = Release;
		};
/* End XCConfigurationList section */
	};
	rootObject = 4CF98BE51D46338B00C35659 /* Project object */;
}
